
Microsoft Visual Studio Solution File, Format Version 12.00
# Visual Studio Version 17
VisualStudioVersion = 17.11.35312.102
MinimumVisualStudioVersion = 10.0.40219.1
Project("{FAE04EC0-301F-11D3-BF4B-00C04F79EFBC}") = "JsonHelloWorldApi", "JsonHelloWorldApi\JsonHelloWorldApi.csproj", "{86A6A17A-7C7A-478F-8471-40445B145A1B}"
EndProject
Global
	GlobalSection(SolutionConfigurationPlatforms) = preSolution
		Debug|Any CPU = Debug|Any CPU
		Release|Any CPU = Release|Any CPU
	EndGlobalSection
	GlobalSection(ProjectConfigurationPlatforms) = postSolution
		{86A6A17A-7C7A-478F-8471-40445B145A1B}.Debug|Any CPU.ActiveCfg = Debug|Any CPU
		{86A6A17A-7C7A-478F-8471-40445B145A1B}.Debug|Any CPU.Build.0 = Debug|Any CPU
		{86A6A17A-7C7A-478F-8471-40445B145A1B}.Release|Any CPU.ActiveCfg = Release|Any CPU
		{86A6A17A-7C7A-478F-8471-40445B145A1B}.Release|Any CPU.Build.0 = Release|Any CPU
	EndGlobalSection
	GlobalSection(SolutionProperties) = preSolution
		HideSolutionNode = FALSE
	EndGlobalSection
	GlobalSection(ExtensibilityGlobals) = postSolution
		SolutionGuid = {7E88BE7F-589C-4939-8952-5DF1B27A18E7}
	EndGlobalSection
EndGlobal
